{
  "name": "fab_mobil",
  "lockfileVersion": 3,
  "requires": true,
  "packages": {
    "": {
      "dependencies": {
        "jshashes": "^1.0.8"
      }
    },
    "node_modules/jshashes": {
      "version": "1.0.8",
      "resolved": "https://registry.npmjs.org/jshashes/-/jshashes-1.0.8.tgz",
      "integrity": "sha512-btmQZ/w1rj8Lb6nEwvhjM7nBYoj54yaEFo2PWh3RkxZ8qNwuvOxvQYN/JxVuwoMmdIluL+XwYVJ+pEEZoSYybQ==",
      "bin": {
        "hashes": "bin/hashes"
      },
      "engines": {
        "node": "*"
      }
    }
  }
}
